// !$*UTF8*$!
{
	archiveVersion = 1;
	classes = {
	};
	objectVersion = 56;
	objects = {

/* Begin PBXBuildFile section */
		CE75F2092C8B1460001AD0A3 /* FoodTrackerApp.swift in Sources */ = {isa = PBXBuildFile; fileRef = CE75F2082C8B1460001AD0A3 /* FoodTrackerApp.swift */; };
		CE75F20B2C8B1460001AD0A3 /* ContentView.swift in Sources */ = {isa = PBXBuildFile; fileRef = CE75F20A2C8B1460001AD0A3 /* ContentView.swift */; };
		CE75F20D2C8B1462001AD0A3 /* Assets.xcassets in Resources */ = {isa = PBXBuildFile; fileRef = CE75F20C2C8B1462001AD0A3 /* Assets.xcassets */; };
		CE75F2102C8B1462001AD0A3 /* Preview Assets.xcassets in Resources */ = {isa = PBXBuildFile; fileRef = CE75F20F2C8B1462001AD0A3 /* Preview Assets.xcassets */; };
		EE0504612CBE72D7005BB78E /* AddSheetView.swift in Sources */ = {isa = PBXBuildFile; fileRef = EE0504602CBE72D7005BB78E /* AddSheetView.swift */; };
		EE2916812CBFB3E60008AD47 /* HomeView.swift in Sources */ = {isa = PBXBuildFile; fileRef = EE2916802CBFB3E60008AD47 /* HomeView.swift */; };
		EE2916832CBFB6DC0008AD47 /* DetailView.swift in Sources */ = {isa = PBXBuildFile; fileRef = EE2916822CBFB6DC0008AD47 /* DetailView.swift */; };
		EE2916852CBFBC070008AD47 /* DashboardView.swift in Sources */ = {isa = PBXBuildFile; fileRef = EE2916842CBFBC070008AD47 /* DashboardView.swift */; };
		EE8F472A2CC0F1D100041B3B /* Mockups.swift in Sources */ = {isa = PBXBuildFile; fileRef = EE8F47292CC0F1CA00041B3B /* Mockups.swift */; };
		EE8F47DA2CC1110600041B3B /* Drink.swift in Sources */ = {isa = PBXBuildFile; fileRef = EE8F47D92CC1110100041B3B /* Drink.swift */; };
		EE8F47DC2CC1125800041B3B /* DailyDrinks.swift in Sources */ = {isa = PBXBuildFile; fileRef = EE8F47DB2CC1124700041B3B /* DailyDrinks.swift */; };
		EE8F47DE2CC1135C00041B3B /* WaterBalanceView.swift in Sources */ = {isa = PBXBuildFile; fileRef = EE8F47DD2CC1135C00041B3B /* WaterBalanceView.swift */; };
		EE9AFC852CBD140500A7BBF2 /* Entry.swift in Sources */ = {isa = PBXBuildFile; fileRef = EE9AFC842CBD13F700A7BBF2 /* Entry.swift */; };
		EE9AFC882CBD14A800A7BBF2 /* EntryListView.swift in Sources */ = {isa = PBXBuildFile; fileRef = EE9AFC872CBD14A800A7BBF2 /* EntryListView.swift */; };
		EE9AFCC92CBD27B200A7BBF2 /* EntryListRowView.swift in Sources */ = {isa = PBXBuildFile; fileRef = EE9AFCC82CBD27B200A7BBF2 /* EntryListRowView.swift */; };
		EE9AFCCD2CBD326100A7BBF2 /* EntryListSectionView.swift in Sources */ = {isa = PBXBuildFile; fileRef = EE9AFCCC2CBD326100A7BBF2 /* EntryListSectionView.swift */; };
		EE9AFCD62CBE4B3600A7BBF2 /* Enums.swift in Sources */ = {isa = PBXBuildFile; fileRef = EE9AFCD52CBE4B3200A7BBF2 /* Enums.swift */; };
/* End PBXBuildFile section */

/* Begin PBXFileReference section */
		CE75F2052C8B1460001AD0A3 /* FoodTracker.app */ = {isa = PBXFileReference; explicitFileType = wrapper.application; includeInIndex = 0; path = FoodTracker.app; sourceTree = BUILT_PRODUCTS_DIR; };
		CE75F2082C8B1460001AD0A3 /* FoodTrackerApp.swift */ = {isa = PBXFileReference; lastKnownFileType = sourcecode.swift; path = FoodTrackerApp.swift; sourceTree = "<group>"; };
		CE75F20A2C8B1460001AD0A3 /* ContentView.swift */ = {isa = PBXFileReference; lastKnownFileType = sourcecode.swift; path = ContentView.swift; sourceTree = "<group>"; };
		CE75F20C2C8B1462001AD0A3 /* Assets.xcassets */ = {isa = PBXFileReference; lastKnownFileType = folder.assetcatalog; path = Assets.xcassets; sourceTree = "<group>"; };
		CE75F20F2C8B1462001AD0A3 /* Preview Assets.xcassets */ = {isa = PBXFileReference; lastKnownFileType = folder.assetcatalog; path = "Preview Assets.xcassets"; sourceTree = "<group>"; };
		EE0504602CBE72D7005BB78E /* AddSheetView.swift */ = {isa = PBXFileReference; lastKnownFileType = sourcecode.swift; path = AddSheetView.swift; sourceTree = "<group>"; };
		EE2916802CBFB3E60008AD47 /* HomeView.swift */ = {isa = PBXFileReference; lastKnownFileType = sourcecode.swift; path = HomeView.swift; sourceTree = "<group>"; };
		EE2916822CBFB6DC0008AD47 /* DetailView.swift */ = {isa = PBXFileReference; lastKnownFileType = sourcecode.swift; path = DetailView.swift; sourceTree = "<group>"; };
		EE2916842CBFBC070008AD47 /* DashboardView.swift */ = {isa = PBXFileReference; lastKnownFileType = sourcecode.swift; path = DashboardView.swift; sourceTree = "<group>"; };
		EE8F47292CC0F1CA00041B3B /* Mockups.swift */ = {isa = PBXFileReference; lastKnownFileType = sourcecode.swift; path = Mockups.swift; sourceTree = "<group>"; };
		EE8F47D92CC1110100041B3B /* Drink.swift */ = {isa = PBXFileReference; lastKnownFileType = sourcecode.swift; path = Drink.swift; sourceTree = "<group>"; };
		EE8F47DB2CC1124700041B3B /* DailyDrinks.swift */ = {isa = PBXFileReference; lastKnownFileType = sourcecode.swift; path = DailyDrinks.swift; sourceTree = "<group>"; };
		EE8F47DD2CC1135C00041B3B /* WaterBalanceView.swift */ = {isa = PBXFileReference; lastKnownFileType = sourcecode.swift; path = WaterBalanceView.swift; sourceTree = "<group>"; };
		EE9AFC842CBD13F700A7BBF2 /* Entry.swift */ = {isa = PBXFileReference; lastKnownFileType = sourcecode.swift; path = Entry.swift; sourceTree = "<group>"; };
		EE9AFC872CBD14A800A7BBF2 /* EntryListView.swift */ = {isa = PBXFileReference; lastKnownFileType = sourcecode.swift; path = EntryListView.swift; sourceTree = "<group>"; };
		EE9AFCC82CBD27B200A7BBF2 /* EntryListRowView.swift */ = {isa = PBXFileReference; lastKnownFileType = sourcecode.swift; path = EntryListRowView.swift; sourceTree = "<group>"; };
		EE9AFCCC2CBD326100A7BBF2 /* EntryListSectionView.swift */ = {isa = PBXFileReference; lastKnownFileType = sourcecode.swift; path = EntryListSectionView.swift; sourceTree = "<group>"; };
		EE9AFCD52CBE4B3200A7BBF2 /* Enums.swift */ = {isa = PBXFileReference; lastKnownFileType = sourcecode.swift; path = Enums.swift; sourceTree = "<group>"; };
/* End PBXFileReference section */

/* Begin PBXFrameworksBuildPhase section */
		CE75F2022C8B1460001AD0A3 /* Frameworks */ = {
			isa = PBXFrameworksBuildPhase;
			buildActionMask = 2147483647;
			files = (
			);
			runOnlyForDeploymentPostprocessing = 0;
		};
/* End PBXFrameworksBuildPhase section */

/* Begin PBXGroup section */
		CE75F1FC2C8B1460001AD0A3 = {
			isa = PBXGroup;
			children = (
				CE75F2072C8B1460001AD0A3 /* FoodTracker */,
				CE75F2062C8B1460001AD0A3 /* Products */,
			);
			sourceTree = "<group>";
		};
		CE75F2062C8B1460001AD0A3 /* Products */ = {
			isa = PBXGroup;
			children = (
				CE75F2052C8B1460001AD0A3 /* FoodTracker.app */,
			);
			name = Products;
			sourceTree = "<group>";
		};
		CE75F2072C8B1460001AD0A3 /* FoodTracker */ = {
			isa = PBXGroup;
			children = (
				EE9AFCD42CBE4B2100A7BBF2 /* Utils */,
				EE9AFC862CBD149200A7BBF2 /* Views */,
				EE9AFC832CBD13EF00A7BBF2 /* Models */,
				CE75F2082C8B1460001AD0A3 /* FoodTrackerApp.swift */,
				CE75F20A2C8B1460001AD0A3 /* ContentView.swift */,
				CE75F20C2C8B1462001AD0A3 /* Assets.xcassets */,
				CE75F20E2C8B1462001AD0A3 /* Preview Content */,
			);
			path = FoodTracker;
			sourceTree = "<group>";
		};
		CE75F20E2C8B1462001AD0A3 /* Preview Content */ = {
			isa = PBXGroup;
			children = (
				EE8F47292CC0F1CA00041B3B /* Mockups.swift */,
				CE75F20F2C8B1462001AD0A3 /* Preview Assets.xcassets */,
			);
			path = "Preview Content";
			sourceTree = "<group>";
		};
		EE9AFC832CBD13EF00A7BBF2 /* Models */ = {
			isa = PBXGroup;
			children = (
				EE8F47DB2CC1124700041B3B /* DailyDrinks.swift */,
				EE8F47D92CC1110100041B3B /* Drink.swift */,
				EE9AFC842CBD13F700A7BBF2 /* Entry.swift */,
			);
			path = Models;
			sourceTree = "<group>";
		};
		EE9AFC862CBD149200A7BBF2 /* Views */ = {
			isa = PBXGroup;
			children = (
				EE9AFCC72CBD279400A7BBF2 /* SubViews */,
				EE9AFC872CBD14A800A7BBF2 /* EntryListView.swift */,
				EE2916802CBFB3E60008AD47 /* HomeView.swift */,
				EE2916842CBFBC070008AD47 /* DashboardView.swift */,
			);
			path = Views;
			sourceTree = "<group>";
		};
		EE9AFCC72CBD279400A7BBF2 /* SubViews */ = {
			isa = PBXGroup;
			children = (
				EE9AFCC82CBD27B200A7BBF2 /* EntryListRowView.swift */,
				EE9AFCCC2CBD326100A7BBF2 /* EntryListSectionView.swift */,
				EE0504602CBE72D7005BB78E /* AddSheetView.swift */,
				EE2916822CBFB6DC0008AD47 /* DetailView.swift */,
				EE8F47DD2CC1135C00041B3B /* WaterBalanceView.swift */,
			);
			path = SubViews;
			sourceTree = "<group>";
		};
		EE9AFCD42CBE4B2100A7BBF2 /* Utils */ = {
			isa = PBXGroup;
			children = (
				EE9AFCD52CBE4B3200A7BBF2 /* Enums.swift */,
			);
			path = Utils;
			sourceTree = "<group>";
		};
/* End PBXGroup section */

/* Begin PBXNativeTarget section */
		CE75F2042C8B1460001AD0A3 /* FoodTracker */ = {
			isa = PBXNativeTarget;
			buildConfigurationList = CE75F2132C8B1462001AD0A3 /* Build configuration list for PBXNativeTarget "FoodTracker" */;
			buildPhases = (
				CE75F2012C8B1460001AD0A3 /* Sources */,
				CE75F2022C8B1460001AD0A3 /* Frameworks */,
				CE75F2032C8B1460001AD0A3 /* Resources */,
			);
			buildRules = (
			);
			dependencies = (
			);
			name = FoodTracker;
			productName = FoodTracker;
			productReference = CE75F2052C8B1460001AD0A3 /* FoodTracker.app */;
			productType = "com.apple.product-type.application";
		};
/* End PBXNativeTarget section */

/* Begin PBXProject section */
		CE75F1FD2C8B1460001AD0A3 /* Project object */ = {
			isa = PBXProject;
			attributes = {
				BuildIndependentTargetsInParallel = 1;
				LastSwiftUpdateCheck = 1540;
				LastUpgradeCheck = 1540;
				TargetAttributes = {
					CE75F2042C8B1460001AD0A3 = {
						CreatedOnToolsVersion = 15.4;
					};
				};
			};
			buildConfigurationList = CE75F2002C8B1460001AD0A3 /* Build configuration list for PBXProject "FoodTracker" */;
			compatibilityVersion = "Xcode 14.0";
			developmentRegion = en;
			hasScannedForEncodings = 0;
			knownRegions = (
				en,
				Base,
			);
			mainGroup = CE75F1FC2C8B1460001AD0A3;
			productRefGroup = CE75F2062C8B1460001AD0A3 /* Products */;
			projectDirPath = "";
			projectRoot = "";
			targets = (
				CE75F2042C8B1460001AD0A3 /* FoodTracker */,
			);
		};
/* End PBXProject section */

/* Begin PBXResourcesBuildPhase section */
		CE75F2032C8B1460001AD0A3 /* Resources */ = {
			isa = PBXResourcesBuildPhase;
			buildActionMask = 2147483647;
			files = (
				CE75F2102C8B1462001AD0A3 /* Preview Assets.xcassets in Resources */,
				CE75F20D2C8B1462001AD0A3 /* Assets.xcassets in Resources */,
			);
			runOnlyForDeploymentPostprocessing = 0;
		};
/* End PBXResourcesBuildPhase section */

/* Begin PBXSourcesBuildPhase section */
		CE75F2012C8B1460001AD0A3 /* Sources */ = {
			isa = PBXSourcesBuildPhase;
			buildActionMask = 2147483647;
			files = (
				EE2916812CBFB3E60008AD47 /* HomeView.swift in Sources */,
				EE9AFC852CBD140500A7BBF2 /* Entry.swift in Sources */,
				EE8F472A2CC0F1D100041B3B /* Mockups.swift in Sources */,
				CE75F20B2C8B1460001AD0A3 /* ContentView.swift in Sources */,
				EE2916832CBFB6DC0008AD47 /* DetailView.swift in Sources */,
				EE0504612CBE72D7005BB78E /* AddSheetView.swift in Sources */,
				EE8F47DC2CC1125800041B3B /* DailyDrinks.swift in Sources */,
				EE8F47DE2CC1135C00041B3B /* WaterBalanceView.swift in Sources */,
				CE75F2092C8B1460001AD0A3 /* FoodTrackerApp.swift in Sources */,
				EE8F47DA2CC1110600041B3B /* Drink.swift in Sources */,
				EE2916852CBFBC070008AD47 /* DashboardView.swift in Sources */,
				EE9AFC882CBD14A800A7BBF2 /* EntryListView.swift in Sources */,
				EE9AFCD62CBE4B3600A7BBF2 /* Enums.swift in Sources */,
				EE9AFCC92CBD27B200A7BBF2 /* EntryListRowView.swift in Sources */,
				EE9AFCCD2CBD326100A7BBF2 /* EntryListSectionView.swift in Sources */,
			);
			runOnlyForDeploymentPostprocessing = 0;
		};
/* End PBXSourcesBuildPhase section */

/* Begin XCBuildConfiguration section */
		CE75F2112C8B1462001AD0A3 /* Debug */ = {
			isa = XCBuildConfiguration;
			buildSettings = {
				ALWAYS_SEARCH_USER_PATHS = NO;
				ASSETCATALOG_COMPILER_GENERATE_SWIFT_ASSET_SYMBOL_EXTENSIONS = YES;
				CLANG_ANALYZER_NONNULL = YES;
				CLANG_ANALYZER_NUMBER_OBJECT_CONVERSION = YES_AGGRESSIVE;
				CLANG_CXX_LANGUAGE_STANDARD = "gnu++20";
				CLANG_ENABLE_MODULES = YES;
				CLANG_ENABLE_OBJC_ARC = YES;
				CLANG_ENABLE_OBJC_WEAK = YES;
				CLANG_WARN_BLOCK_CAPTURE_AUTORELEASING = YES;
				CLANG_WARN_BOOL_CONVERSION = YES;
				CLANG_WARN_COMMA = YES;
				CLANG_WARN_CONSTANT_CONVERSION = YES;
				CLANG_WARN_DEPRECATED_OBJC_IMPLEMENTATIONS = YES;
				CLANG_WARN_DIRECT_OBJC_ISA_USAGE = YES_ERROR;
				CLANG_WARN_DOCUMENTATION_COMMENTS = YES;
				CLANG_WARN_EMPTY_BODY = YES;
				CLANG_WARN_ENUM_CONVERSION = YES;
				CLANG_WARN_INFINITE_RECURSION = YES;
				CLANG_WARN_INT_CONVERSION = YES;
				CLANG_WARN_NON_LITERAL_NULL_CONVERSION = YES;
				CLANG_WARN_OBJC_IMPLICIT_RETAIN_SELF = YES;
				CLANG_WARN_OBJC_LITERAL_CONVERSION = YES;
				CLANG_WARN_OBJC_ROOT_CLASS = YES_ERROR;
				CLANG_WARN_QUOTED_INCLUDE_IN_FRAMEWORK_HEADER = YES;
				CLANG_WARN_RANGE_LOOP_ANALYSIS = YES;
				CLANG_WARN_STRICT_PROTOTYPES = YES;
				CLANG_WARN_SUSPICIOUS_MOVE = YES;
				CLANG_WARN_UNGUARDED_AVAILABILITY = YES_AGGRESSIVE;
				CLANG_WARN_UNREACHABLE_CODE = YES;
				CLANG_WARN__DUPLICATE_METHOD_MATCH = YES;
				COPY_PHASE_STRIP = NO;
				DEBUG_INFORMATION_FORMAT = dwarf;
				ENABLE_STRICT_OBJC_MSGSEND = YES;
				ENABLE_TESTABILITY = YES;
				ENABLE_USER_SCRIPT_SANDBOXING = YES;
				GCC_C_LANGUAGE_STANDARD = gnu17;
				GCC_DYNAMIC_NO_PIC = NO;
				GCC_NO_COMMON_BLOCKS = YES;
				GCC_OPTIMIZATION_LEVEL = 0;
				GCC_PREPROCESSOR_DEFINITIONS = (
					"DEBUG=1",
					"$(inherited)",
				);
				GCC_WARN_64_TO_32_BIT_CONVERSION = YES;
				GCC_WARN_ABOUT_RETURN_TYPE = YES_ERROR;
				GCC_WARN_UNDECLARED_SELECTOR = YES;
				GCC_WARN_UNINITIALIZED_AUTOS = YES_AGGRESSIVE;
				GCC_WARN_UNUSED_FUNCTION = YES;
				GCC_WARN_UNUSED_VARIABLE = YES;
				IPHONEOS_DEPLOYMENT_TARGET = 17.5;
				LOCALIZATION_PREFERS_STRING_CATALOGS = YES;
				MTL_ENABLE_DEBUG_INFO = INCLUDE_SOURCE;
				MTL_FAST_MATH = YES;
				ONLY_ACTIVE_ARCH = YES;
				SDKROOT = iphoneos;
				SWIFT_ACTIVE_COMPILATION_CONDITIONS = "DEBUG $(inherited)";
				SWIFT_OPTIMIZATION_LEVEL = "-Onone";
			};
			name = Debug;
		};
		CE75F2122C8B1462001AD0A3 /* Release */ = {
			isa = XCBuildConfiguration;
			buildSettings = {
				ALWAYS_SEARCH_USER_PATHS = NO;
				ASSETCATALOG_COMPILER_GENERATE_SWIFT_ASSET_SYMBOL_EXTENSIONS = YES;
				CLANG_ANALYZER_NONNULL = YES;
				CLANG_ANALYZER_NUMBER_OBJECT_CONVERSION = YES_AGGRESSIVE;
				CLANG_CXX_LANGUAGE_STANDARD = "gnu++20";
				CLANG_ENABLE_MODULES = YES;
				CLANG_ENABLE_OBJC_ARC = YES;
				CLANG_ENABLE_OBJC_WEAK = YES;
				CLANG_WARN_BLOCK_CAPTURE_AUTORELEASING = YES;
				CLANG_WARN_BOOL_CONVERSION = YES;
				CLANG_WARN_COMMA = YES;
				CLANG_WARN_CONSTANT_CONVERSION = YES;
				CLANG_WARN_DEPRECATED_OBJC_IMPLEMENTATIONS = YES;
				CLANG_WARN_DIRECT_OBJC_ISA_USAGE = YES_ERROR;
				CLANG_WARN_DOCUMENTATION_COMMENTS = YES;
				CLANG_WARN_EMPTY_BODY = YES;
				CLANG_WARN_ENUM_CONVERSION = YES;
				CLANG_WARN_INFINITE_RECURSION = YES;
				CLANG_WARN_INT_CONVERSION = YES;
				CLANG_WARN_NON_LITERAL_NULL_CONVERSION = YES;
				CLANG_WARN_OBJC_IMPLICIT_RETAIN_SELF = YES;
				CLANG_WARN_OBJC_LITERAL_CONVERSION = YES;
				CLANG_WARN_OBJC_ROOT_CLASS = YES_ERROR;
				CLANG_WARN_QUOTED_INCLUDE_IN_FRAMEWORK_HEADER = YES;
				CLANG_WARN_RANGE_LOOP_ANALYSIS = YES;
				CLANG_WARN_STRICT_PROTOTYPES = YES;
				CLANG_WARN_SUSPICIOUS_MOVE = YES;
				CLANG_WARN_UNGUARDED_AVAILABILITY = YES_AGGRESSIVE;
				CLANG_WARN_UNREACHABLE_CODE = YES;
				CLANG_WARN__DUPLICATE_METHOD_MATCH = YES;
				COPY_PHASE_STRIP = NO;
				DEBUG_INFORMATION_FORMAT = "dwarf-with-dsym";
				ENABLE_NS_ASSERTIONS = NO;
				ENABLE_STRICT_OBJC_MSGSEND = YES;
				ENABLE_USER_SCRIPT_SANDBOXING = YES;
				GCC_C_LANGUAGE_STANDARD = gnu17;
				GCC_NO_COMMON_BLOCKS = YES;
				GCC_WARN_64_TO_32_BIT_CONVERSION = YES;
				GCC_WARN_ABOUT_RETURN_TYPE = YES_ERROR;
				GCC_WARN_UNDECLARED_SELECTOR = YES;
				GCC_WARN_UNINITIALIZED_AUTOS = YES_AGGRESSIVE;
				GCC_WARN_UNUSED_FUNCTION = YES;
				GCC_WARN_UNUSED_VARIABLE = YES;
				IPHONEOS_DEPLOYMENT_TARGET = 17.5;
				LOCALIZATION_PREFERS_STRING_CATALOGS = YES;
				MTL_ENABLE_DEBUG_INFO = NO;
				MTL_FAST_MATH = YES;
				SDKROOT = iphoneos;
				SWIFT_COMPILATION_MODE = wholemodule;
				VALIDATE_PRODUCT = YES;
			};
			name = Release;
		};
		CE75F2142C8B1462001AD0A3 /* Debug */ = {
			isa = XCBuildConfiguration;
			buildSettings = {
				ASSETCATALOG_COMPILER_APPICON_NAME = AppIcon;
				ASSETCATALOG_COMPILER_GLOBAL_ACCENT_COLOR_NAME = AccentColor;
				CODE_SIGN_STYLE = Automatic;
				CURRENT_PROJECT_VERSION = 1;
				DEVELOPMENT_ASSET_PATHS = "\"FoodTracker/Preview Content\"";
				ENABLE_PREVIEWS = YES;
				GENERATE_INFOPLIST_FILE = YES;
				INFOPLIST_KEY_UIApplicationSceneManifest_Generation = YES;
				INFOPLIST_KEY_UIApplicationSupportsIndirectInputEvents = YES;
				INFOPLIST_KEY_UILaunchScreen_Generation = YES;
				INFOPLIST_KEY_UISupportedInterfaceOrientations_iPad = "UIInterfaceOrientationPortrait UIInterfaceOrientationPortraitUpsideDown UIInterfaceOrientationLandscapeLeft UIInterfaceOrientationLandscapeRight";
				INFOPLIST_KEY_UISupportedInterfaceOrientations_iPhone = "UIInterfaceOrientationPortrait UIInterfaceOrientationLandscapeLeft UIInterfaceOrientationLandscapeRight";
				IPHONEOS_DEPLOYMENT_TARGET = 18.0;
				LD_RUNPATH_SEARCH_PATHS = (
					"$(inherited)",
					"@executable_path/Frameworks",
				);
				MARKETING_VERSION = 1.0;
				PRODUCT_BUNDLE_IDENTIFIER = "de.syntax-institut.FoodTracker";
				PRODUCT_NAME = "$(TARGET_NAME)";
				SWIFT_EMIT_LOC_STRINGS = YES;
				SWIFT_VERSION = 5.0;
				TARGETED_DEVICE_FAMILY = "1,2";
			};
			name = Debug;
		};
		CE75F2152C8B1462001AD0A3 /* Release */ = {
			isa = XCBuildConfiguration;
			buildSettings = {
				ASSETCATALOG_COMPILER_APPICON_NAME = AppIcon;
				ASSETCATALOG_COMPILER_GLOBAL_ACCENT_COLOR_NAME = AccentColor;
				CODE_SIGN_STYLE = Automatic;
				CURRENT_PROJECT_VERSION = 1;
				DEVELOPMENT_ASSET_PATHS = "\"FoodTracker/Preview Content\"";
				ENABLE_PREVIEWS = YES;
				GENERATE_INFOPLIST_FILE = YES;
				INFOPLIST_KEY_UIApplicationSceneManifest_Generation = YES;
				INFOPLIST_KEY_UIApplicationSupportsIndirectInputEvents = YES;
				INFOPLIST_KEY_UILaunchScreen_Generation = YES;
				INFOPLIST_KEY_UISupportedInterfaceOrientations_iPad = "UIInterfaceOrientationPortrait UIInterfaceOrientationPortraitUpsideDown UIInterfaceOrientationLandscapeLeft UIInterfaceOrientationLandscapeRight";
				INFOPLIST_KEY_UISupportedInterfaceOrientations_iPhone = "UIInterfaceOrientationPortrait UIInterfaceOrientationLandscapeLeft UIInterfaceOrientationLandscapeRight";
				IPHONEOS_DEPLOYMENT_TARGET = 18.0;
				LD_RUNPATH_SEARCH_PATHS = (
					"$(inherited)",
					"@executable_path/Frameworks",
				);
				MARKETING_VERSION = 1.0;
				PRODUCT_BUNDLE_IDENTIFIER = "de.syntax-institut.FoodTracker";
				PRODUCT_NAME = "$(TARGET_NAME)";
				SWIFT_EMIT_LOC_STRINGS = YES;
				SWIFT_VERSION = 5.0;
				TARGETED_DEVICE_FAMILY = "1,2";
			};
			name = Release;
		};
/* End XCBuildConfiguration section */

/* Begin XCConfigurationList section */
		CE75F2002C8B1460001AD0A3 /* Build configuration list for PBXProject "FoodTracker" */ = {
			isa = XCConfigurationList;
			buildConfigurations = (
				CE75F2112C8B1462001AD0A3 /* Debug */,
				CE75F2122C8B1462001AD0A3 /* Release */,
			);
			defaultConfigurationIsVisible = 0;
			defaultConfigurationName = Release;
		};
		CE75F2132C8B1462001AD0A3 /* Build configuration list for PBXNativeTarget "FoodTracker" */ = {
			isa = XCConfigurationList;
			buildConfigurations = (
				CE75F2142C8B1462001AD0A3 /* Debug */,
				CE75F2152C8B1462001AD0A3 /* Release */,
			);
			defaultConfigurationIsVisible = 0;
			defaultConfigurationName = Release;
		};
/* End XCConfigurationList section */
	};
	rootObject = CE75F1FD2C8B1460001AD0A3 /* Project object */;
}
